
Microsoft Visual Studio Solution File, Format Version 12.00
# Visual Studio 15
VisualStudioVersion = 15.0.27703.2000
MinimumVisualStudioVersion = 10.0.40219.1
Project("{FAE04EC0-301F-11D3-BF4B-00C04F79EFBC}") = "LinqExamples", "LinqExamples.csproj", "{BDCFBA98-C5BD-4DAA-BC36-0D5F0B01358A}"
EndProject
Global
	GlobalSection(SolutionConfigurationPlatforms) = preSolution
		Debug|Any CPU = Debug|Any CPU
		Release|Any CPU = Release|Any CPU
	EndGlobalSection
	GlobalSection(ProjectConfigurationPlatforms) = postSolution
		{BDCFBA98-C5BD-4DAA-BC36-0D5F0B01358A}.Debug|Any CPU.ActiveCfg = Debug|Any CPU
		{BDCFBA98-C5BD-4DAA-BC36-0D5F0B01358A}.Debug|Any CPU.Build.0 = Debug|Any CPU
		{BDCFBA98-C5BD-4DAA-BC36-0D5F0B01358A}.Release|Any CPU.ActiveCfg = Release|Any CPU
		{BDCFBA98-C5BD-4DAA-BC36-0D5F0B01358A}.Release|Any CPU.Build.0 = Release|Any CPU
	EndGlobalSection
	GlobalSection(SolutionProperties) = preSolution
		HideSolutionNode = FALSE
	EndGlobalSection
	GlobalSection(ExtensibilityGlobals) = postSolution
		SolutionGuid = {8CBCC2B4-82ED-427C-BCFE-01E90BB60354}
	EndGlobalSection
EndGlobal
